
Microsoft Visual Studio Solution File, Format Version 12.00
# Visual Studio Version 16
VisualStudioVersion = 16.0.30011.22
MinimumVisualStudioVersion = 10.0.40219.1
Project("{9A19103F-16F7-4668-BE54-9A1E7A4F7556}") = "WebApp", "WebApp\WebApp.csproj", "{FC9E039B-E905-47A5-801A-C94F423F623B}"
EndProject
Project("{E53339B2-1760-4266-BCC7-CA923CBCF16C}") = "docker-compose", "docker-compose.dcproj", "{892D6B26-3321-4A54-9623-07193E866AFF}"
EndProject
Global
	GlobalSection(SolutionConfigurationPlatforms) = preSolution
		Debug|Any CPU = Debug|Any CPU
		Release|Any CPU = Release|Any CPU
	EndGlobalSection
	GlobalSection(ProjectConfigurationPlatforms) = postSolution
		{FC9E039B-E905-47A5-801A-C94F423F623B}.Debug|Any CPU.ActiveCfg = Debug|Any CPU
		{FC9E039B-E905-47A5-801A-C94F423F623B}.Debug|Any CPU.Build.0 = Debug|Any CPU
		{FC9E039B-E905-47A5-801A-C94F423F623B}.Release|Any CPU.ActiveCfg = Release|Any CPU
		{FC9E039B-E905-47A5-801A-C94F423F623B}.Release|Any CPU.Build.0 = Release|Any CPU
		{892D6B26-3321-4A54-9623-07193E866AFF}.Debug|Any CPU.ActiveCfg = Debug|Any CPU
		{892D6B26-3321-4A54-9623-07193E866AFF}.Debug|Any CPU.Build.0 = Debug|Any CPU
		{892D6B26-3321-4A54-9623-07193E866AFF}.Release|Any CPU.ActiveCfg = Release|Any CPU
		{892D6B26-3321-4A54-9623-07193E866AFF}.Release|Any CPU.Build.0 = Release|Any CPU
	EndGlobalSection
	GlobalSection(SolutionProperties) = preSolution
		HideSolutionNode = FALSE
	EndGlobalSection
	GlobalSection(ExtensibilityGlobals) = postSolution
		SolutionGuid = {7316A90A-CCA1-4642-9A7C-ADB0A3DE8FEE}
	EndGlobalSection
EndGlobal
